
Microsoft Visual Studio Solution File, Format Version 12.00
# Visual Studio Version 17
VisualStudioVersion = 17.9.34622.214
MinimumVisualStudioVersion = 10.0.40219.1
Project("{FAE04EC0-301F-11D3-BF4B-00C04F79EFBC}") = "task16", "task16.csproj", "{C75398A9-FBFD-4267-A7CC-C2CA55B5FC01}"
EndProject
Global
	GlobalSection(SolutionConfigurationPlatforms) = preSolution
		Debug|Any CPU = Debug|Any CPU
		Release|Any CPU = Release|Any CPU
	EndGlobalSection
	GlobalSection(ProjectConfigurationPlatforms) = postSolution
		{C75398A9-FBFD-4267-A7CC-C2CA55B5FC01}.Debug|Any CPU.ActiveCfg = Debug|Any CPU
		{C75398A9-FBFD-4267-A7CC-C2CA55B5FC01}.Debug|Any CPU.Build.0 = Debug|Any CPU
		{C75398A9-FBFD-4267-A7CC-C2CA55B5FC01}.Release|Any CPU.ActiveCfg = Release|Any CPU
		{C75398A9-FBFD-4267-A7CC-C2CA55B5FC01}.Release|Any CPU.Build.0 = Release|Any CPU
	EndGlobalSection
	GlobalSection(SolutionProperties) = preSolution
		HideSolutionNode = FALSE
	EndGlobalSection
	GlobalSection(ExtensibilityGlobals) = postSolution
		SolutionGuid = {F72FA441-D8E2-46CC-97FD-5B8313B12CD8}
	EndGlobalSection
EndGlobal
